{
  "version": 4,
  "terraform_version": "0.12.29",
  "serial": 7,
  "lineage": "69cace6f-67ee-fb6a-0858-e9520ef0ca35",
  "outputs": {
    "instance_ip_addr": {
      "value": "204.48.28.6",
      "type": "string"
    }
  },
  "resources": [
    {
      "mode": "managed",
      "type": "digitalocean_droplet",
      "name": "quesadilla_app",
      "provider": "provider.digitalocean",
      "instances": [
        {
          "schema_version": 1,
          "attributes": {
            "backups": false,
            "created_at": "2020-08-11T00:49:46Z",
            "disk": 25,
            "id": "203409651",
            "image": "ubuntu-18-04-x64",
            "ipv4_address": "204.48.28.6",
            "ipv4_address_private": "",
            "ipv6": false,
            "ipv6_address": "",
            "ipv6_address_private": null,
            "locked": false,
            "memory": 1024,
            "monitoring": false,
            "name": "quesadilla",
            "price_hourly": 0.00744,
            "price_monthly": 5,
            "private_networking": false,
            "region": "nyc1",
            "resize_disk": true,
            "size": "s-1vcpu-1gb",
            "ssh_keys": null,
            "status": "active",
            "tags": null,
            "urn": "do:droplet:203409651",
            "user_data": "1ca8e02c47d753bfdc20089131e17bdc10d281ab",
            "vcpus": 1,
            "volume_ids": [],
            "vpc_uuid": ""
          },
          "private": "eyJzY2hlbWFfdmVyc2lvbiI6IjEifQ=="
        }
      ]
    }
  ]
}
